
Microsoft Visual Studio Solution File, Format Version 12.00
# Visual Studio 15
VisualStudioVersion = 15.0.28306.52
MinimumVisualStudioVersion = 10.0.40219.1
Project("{FAE04EC0-301F-11D3-BF4B-00C04F79EFBC}") = "Диплом", "Диплом\Диплом.csproj", "{06998EFA-7E50-4964-9374-C8DDD51D3C5E}"
EndProject
Global
	GlobalSection(SolutionConfigurationPlatforms) = preSolution
		Debug|Any CPU = Debug|Any CPU
		Release|Any CPU = Release|Any CPU
	EndGlobalSection
	GlobalSection(ProjectConfigurationPlatforms) = postSolution
		{06998EFA-7E50-4964-9374-C8DDD51D3C5E}.Debug|Any CPU.ActiveCfg = Debug|Any CPU
		{06998EFA-7E50-4964-9374-C8DDD51D3C5E}.Debug|Any CPU.Build.0 = Debug|Any CPU
		{06998EFA-7E50-4964-9374-C8DDD51D3C5E}.Release|Any CPU.ActiveCfg = Release|Any CPU
		{06998EFA-7E50-4964-9374-C8DDD51D3C5E}.Release|Any CPU.Build.0 = Release|Any CPU
	EndGlobalSection
	GlobalSection(SolutionProperties) = preSolution
		HideSolutionNode = FALSE
	EndGlobalSection
	GlobalSection(ExtensibilityGlobals) = postSolution
		SolutionGuid = {91DCC770-F69F-45BE-9DCF-11957A6AF1B9}
	EndGlobalSection
EndGlobal
